# This file is @generated by PDM.
# It is not intended for manual editing.

[metadata]
groups = ["default", "src"]
strategy = ["cross_platform", "inherit_metadata"]
lock_version = "4.4.1"
content_hash = "sha256:c9b7e382abf18610245785c9901c791095be4cc6de087a8092d7b22a5fb4825d"

[[package]]
name = "examples-py"
version = "0.1.0"
requires_python = ">=3.12"
editable = true
path = "./src/examples-py"
summary = "Default template for PDM package"
groups = ["src"]
