# This file is @generated by PDM.
# It is not intended for manual editing.

[metadata]
groups = ["default", "src"]
strategy = ["cross_platform", "inherit_metadata"]
lock_version = "4.4.1"
content_hash = "sha256:67e64784ae73a121b6cfe8cada612f44092acbd62550e9ebece54a5e1cb36a33"

[[package]]
name = "example-py"
version = "0.1.0"
requires_python = ">=3.12"
editable = true
path = "./src/example-py"
summary = "Default template for PDM package"
groups = ["src"]
